// !$*UTF8*$!
{
	archiveVersion = 1;
	classes = {
	};
	objectVersion = 55;
	objects = {

/* Begin PBXBuildFile section */
		B861724F295595BB001ED44C /* shoppingappApp.swift in Sources */ = {isa = PBXBuildFile; fileRef = B861724E295595BB001ED44C /* shoppingappApp.swift */; };
		B8617251295595BB001ED44C /* ContentView.swift in Sources */ = {isa = PBXBuildFile; fileRef = B8617250295595BB001ED44C /* ContentView.swift */; };
		B8617253295595C7001ED44C /* Assets.xcassets in Resources */ = {isa = PBXBuildFile; fileRef = B8617252295595C7001ED44C /* Assets.xcassets */; };
		B8617256295595C7001ED44C /* Preview Assets.xcassets in Resources */ = {isa = PBXBuildFile; fileRef = B8617255295595C7001ED44C /* Preview Assets.xcassets */; };
		B861725F2955A549001ED44C /* OnboardingScreenView.swift in Sources */ = {isa = PBXBuildFile; fileRef = B861725E2955A548001ED44C /* OnboardingScreenView.swift */; };
		B86172612955A5AB001ED44C /* DetailsScreenView.swift in Sources */ = {isa = PBXBuildFile; fileRef = B86172602955A5AB001ED44C /* DetailsScreenView.swift */; };
		B86172642955A5F9001ED44C /* HomeScreenView.swift in Sources */ = {isa = PBXBuildFile; fileRef = B86172632955A5F9001ED44C /* HomeScreenView.swift */; };
		B86172662955A610001ED44C /* TopSellingView.swift in Sources */ = {isa = PBXBuildFile; fileRef = B86172652955A610001ED44C /* TopSellingView.swift */; };
		B86172682955A626001ED44C /* NearYouView.swift in Sources */ = {isa = PBXBuildFile; fileRef = B86172672955A626001ED44C /* NearYouView.swift */; };
		B861726A2955A65C001ED44C /* FruitCardView.swift in Sources */ = {isa = PBXBuildFile; fileRef = B86172692955A65C001ED44C /* FruitCardView.swift */; };
		B861726C2955A671001ED44C /* StoreCardView.swift in Sources */ = {isa = PBXBuildFile; fileRef = B861726B2955A671001ED44C /* StoreCardView.swift */; };
		B8C04CE72955C10000AD560C /* FruitData.swift in Sources */ = {isa = PBXBuildFile; fileRef = B8C04CE62955C10000AD560C /* FruitData.swift */; };
		B8C04CE9295608A000AD560C /* StoreData.swift in Sources */ = {isa = PBXBuildFile; fileRef = B8C04CE8295608A000AD560C /* StoreData.swift */; };
/* End PBXBuildFile section */

/* Begin PBXFileReference section */
		B861724B295595BB001ED44C /* shoppingapp.app */ = {isa = PBXFileReference; explicitFileType = wrapper.application; includeInIndex = 0; path = shoppingapp.app; sourceTree = BUILT_PRODUCTS_DIR; };
		B861724E295595BB001ED44C /* shoppingappApp.swift */ = {isa = PBXFileReference; lastKnownFileType = sourcecode.swift; path = shoppingappApp.swift; sourceTree = "<group>"; };
		B8617250295595BB001ED44C /* ContentView.swift */ = {isa = PBXFileReference; lastKnownFileType = sourcecode.swift; path = ContentView.swift; sourceTree = "<group>"; };
		B8617252295595C7001ED44C /* Assets.xcassets */ = {isa = PBXFileReference; lastKnownFileType = folder.assetcatalog; path = Assets.xcassets; sourceTree = "<group>"; };
		B8617255295595C7001ED44C /* Preview Assets.xcassets */ = {isa = PBXFileReference; lastKnownFileType = folder.assetcatalog; path = "Preview Assets.xcassets"; sourceTree = "<group>"; };
		B861725E2955A548001ED44C /* OnboardingScreenView.swift */ = {isa = PBXFileReference; lastKnownFileType = sourcecode.swift; path = OnboardingScreenView.swift; sourceTree = "<group>"; };
		B86172602955A5AB001ED44C /* DetailsScreenView.swift */ = {isa = PBXFileReference; lastKnownFileType = sourcecode.swift; path = DetailsScreenView.swift; sourceTree = "<group>"; };
		B86172632955A5F9001ED44C /* HomeScreenView.swift */ = {isa = PBXFileReference; lastKnownFileType = sourcecode.swift; path = HomeScreenView.swift; sourceTree = "<group>"; };
		B86172652955A610001ED44C /* TopSellingView.swift */ = {isa = PBXFileReference; lastKnownFileType = sourcecode.swift; path = TopSellingView.swift; sourceTree = "<group>"; };
		B86172672955A626001ED44C /* NearYouView.swift */ = {isa = PBXFileReference; lastKnownFileType = sourcecode.swift; path = NearYouView.swift; sourceTree = "<group>"; };
		B86172692955A65C001ED44C /* FruitCardView.swift */ = {isa = PBXFileReference; lastKnownFileType = sourcecode.swift; path = FruitCardView.swift; sourceTree = "<group>"; };
		B861726B2955A671001ED44C /* StoreCardView.swift */ = {isa = PBXFileReference; lastKnownFileType = sourcecode.swift; path = StoreCardView.swift; sourceTree = "<group>"; };
		B8C04CE62955C10000AD560C /* FruitData.swift */ = {isa = PBXFileReference; lastKnownFileType = sourcecode.swift; path = FruitData.swift; sourceTree = "<group>"; };
		B8C04CE8295608A000AD560C /* StoreData.swift */ = {isa = PBXFileReference; lastKnownFileType = sourcecode.swift; path = StoreData.swift; sourceTree = "<group>"; };
/* End PBXFileReference section */

/* Begin PBXFrameworksBuildPhase section */
		B8617248295595BB001ED44C /* Frameworks */ = {
			isa = PBXFrameworksBuildPhase;
			buildActionMask = 2147483647;
			files = (
			);
			runOnlyForDeploymentPostprocessing = 0;
		};
/* End PBXFrameworksBuildPhase section */

/* Begin PBXGroup section */
		B8617242295595BB001ED44C = {
			isa = PBXGroup;
			children = (
				B861724D295595BB001ED44C /* shoppingapp */,
				B861724C295595BB001ED44C /* Products */,
			);
			sourceTree = "<group>";
		};
		B861724C295595BB001ED44C /* Products */ = {
			isa = PBXGroup;
			children = (
				B861724B295595BB001ED44C /* shoppingapp.app */,
			);
			name = Products;
			sourceTree = "<group>";
		};
		B861724D295595BB001ED44C /* shoppingapp */ = {
			isa = PBXGroup;
			children = (
				B861725D2955A40D001ED44C /* Views */,
				B861724E295595BB001ED44C /* shoppingappApp.swift */,
				B8617250295595BB001ED44C /* ContentView.swift */,
				B861725C2955A3FD001ED44C /* Models */,
				B8617252295595C7001ED44C /* Assets.xcassets */,
				B8617254295595C7001ED44C /* Preview Content */,
			);
			path = shoppingapp;
			sourceTree = "<group>";
		};
		B8617254295595C7001ED44C /* Preview Content */ = {
			isa = PBXGroup;
			children = (
				B8617255295595C7001ED44C /* Preview Assets.xcassets */,
			);
			path = "Preview Content";
			sourceTree = "<group>";
		};
		B861725C2955A3FD001ED44C /* Models */ = {
			isa = PBXGroup;
			children = (
				B8C04CE62955C10000AD560C /* FruitData.swift */,
				B8C04CE8295608A000AD560C /* StoreData.swift */,
			);
			path = Models;
			sourceTree = "<group>";
		};
		B861725D2955A40D001ED44C /* Views */ = {
			isa = PBXGroup;
			children = (
				B86172622955A5B1001ED44C /* HomeScreenViews */,
				B861725E2955A548001ED44C /* OnboardingScreenView.swift */,
				B86172602955A5AB001ED44C /* DetailsScreenView.swift */,
			);
			path = Views;
			sourceTree = "<group>";
		};
		B86172622955A5B1001ED44C /* HomeScreenViews */ = {
			isa = PBXGroup;
			children = (
				B86172632955A5F9001ED44C /* HomeScreenView.swift */,
				B86172652955A610001ED44C /* TopSellingView.swift */,
				B86172672955A626001ED44C /* NearYouView.swift */,
				B86172692955A65C001ED44C /* FruitCardView.swift */,
				B861726B2955A671001ED44C /* StoreCardView.swift */,
			);
			path = HomeScreenViews;
			sourceTree = "<group>";
		};
/* End PBXGroup section */

/* Begin PBXNativeTarget section */
		B861724A295595BB001ED44C /* shoppingapp */ = {
			isa = PBXNativeTarget;
			buildConfigurationList = B8617259295595C7001ED44C /* Build configuration list for PBXNativeTarget "shoppingapp" */;
			buildPhases = (
				B8617247295595BB001ED44C /* Sources */,
				B8617248295595BB001ED44C /* Frameworks */,
				B8617249295595BB001ED44C /* Resources */,
			);
			buildRules = (
			);
			dependencies = (
			);
			name = shoppingapp;
			productName = shoppingapp;
			productReference = B861724B295595BB001ED44C /* shoppingapp.app */;
			productType = "com.apple.product-type.application";
		};
/* End PBXNativeTarget section */

/* Begin PBXProject section */
		B8617243295595BB001ED44C /* Project object */ = {
			isa = PBXProject;
			attributes = {
				BuildIndependentTargetsInParallel = 1;
				LastSwiftUpdateCheck = 1340;
				LastUpgradeCheck = 1340;
				TargetAttributes = {
					B861724A295595BB001ED44C = {
						CreatedOnToolsVersion = 13.4.1;
					};
				};
			};
			buildConfigurationList = B8617246295595BB001ED44C /* Build configuration list for PBXProject "shoppingapp" */;
			compatibilityVersion = "Xcode 13.0";
			developmentRegion = en;
			hasScannedForEncodings = 0;
			knownRegions = (
				en,
				Base,
			);
			mainGroup = B8617242295595BB001ED44C;
			productRefGroup = B861724C295595BB001ED44C /* Products */;
			projectDirPath = "";
			projectRoot = "";
			targets = (
				B861724A295595BB001ED44C /* shoppingapp */,
			);
		};
/* End PBXProject section */

/* Begin PBXResourcesBuildPhase section */
		B8617249295595BB001ED44C /* Resources */ = {
			isa = PBXResourcesBuildPhase;
			buildActionMask = 2147483647;
			files = (
				B8617256295595C7001ED44C /* Preview Assets.xcassets in Resources */,
				B8617253295595C7001ED44C /* Assets.xcassets in Resources */,
			);
			runOnlyForDeploymentPostprocessing = 0;
		};
/* End PBXResourcesBuildPhase section */

/* Begin PBXSourcesBuildPhase section */
		B8617247295595BB001ED44C /* Sources */ = {
			isa = PBXSourcesBuildPhase;
			buildActionMask = 2147483647;
			files = (
				B86172682955A626001ED44C /* NearYouView.swift in Sources */,
				B8617251295595BB001ED44C /* ContentView.swift in Sources */,
				B861725F2955A549001ED44C /* OnboardingScreenView.swift in Sources */,
				B86172642955A5F9001ED44C /* HomeScreenView.swift in Sources */,
				B8C04CE9295608A000AD560C /* StoreData.swift in Sources */,
				B861724F295595BB001ED44C /* shoppingappApp.swift in Sources */,
				B861726A2955A65C001ED44C /* FruitCardView.swift in Sources */,
				B8C04CE72955C10000AD560C /* FruitData.swift in Sources */,
				B86172612955A5AB001ED44C /* DetailsScreenView.swift in Sources */,
				B861726C2955A671001ED44C /* StoreCardView.swift in Sources */,
				B86172662955A610001ED44C /* TopSellingView.swift in Sources */,
			);
			runOnlyForDeploymentPostprocessing = 0;
		};
/* End PBXSourcesBuildPhase section */

/* Begin XCBuildConfiguration section */
		B8617257295595C7001ED44C /* Debug */ = {
			isa = XCBuildConfiguration;
			buildSettings = {
				ALWAYS_SEARCH_USER_PATHS = NO;
				CLANG_ANALYZER_NONNULL = YES;
				CLANG_ANALYZER_NUMBER_OBJECT_CONVERSION = YES_AGGRESSIVE;
				CLANG_CXX_LANGUAGE_STANDARD = "gnu++17";
				CLANG_ENABLE_MODULES = YES;
				CLANG_ENABLE_OBJC_ARC = YES;
				CLANG_ENABLE_OBJC_WEAK = YES;
				CLANG_WARN_BLOCK_CAPTURE_AUTORELEASING = YES;
				CLANG_WARN_BOOL_CONVERSION = YES;
				CLANG_WARN_COMMA = YES;
				CLANG_WARN_CONSTANT_CONVERSION = YES;
				CLANG_WARN_DEPRECATED_OBJC_IMPLEMENTATIONS = YES;
				CLANG_WARN_DIRECT_OBJC_ISA_USAGE = YES_ERROR;
				CLANG_WARN_DOCUMENTATION_COMMENTS = YES;
				CLANG_WARN_EMPTY_BODY = YES;
				CLANG_WARN_ENUM_CONVERSION = YES;
				CLANG_WARN_INFINITE_RECURSION = YES;
				CLANG_WARN_INT_CONVERSION = YES;
				CLANG_WARN_NON_LITERAL_NULL_CONVERSION = YES;
				CLANG_WARN_OBJC_IMPLICIT_RETAIN_SELF = YES;
				CLANG_WARN_OBJC_LITERAL_CONVERSION = YES;
				CLANG_WARN_OBJC_ROOT_CLASS = YES_ERROR;
				CLANG_WARN_QUOTED_INCLUDE_IN_FRAMEWORK_HEADER = YES;
				CLANG_WARN_RANGE_LOOP_ANALYSIS = YES;
				CLANG_WARN_STRICT_PROTOTYPES = YES;
				CLANG_WARN_SUSPICIOUS_MOVE = YES;
				CLANG_WARN_UNGUARDED_AVAILABILITY = YES_AGGRESSIVE;
				CLANG_WARN_UNREACHABLE_CODE = YES;
				CLANG_WARN__DUPLICATE_METHOD_MATCH = YES;
				COPY_PHASE_STRIP = NO;
				DEBUG_INFORMATION_FORMAT = dwarf;
				ENABLE_STRICT_OBJC_MSGSEND = YES;
				ENABLE_TESTABILITY = YES;
				GCC_C_LANGUAGE_STANDARD = gnu11;
				GCC_DYNAMIC_NO_PIC = NO;
				GCC_NO_COMMON_BLOCKS = YES;
				GCC_OPTIMIZATION_LEVEL = 0;
				GCC_PREPROCESSOR_DEFINITIONS = (
					"DEBUG=1",
					"$(inherited)",
				);
				GCC_WARN_64_TO_32_BIT_CONVERSION = YES;
				GCC_WARN_ABOUT_RETURN_TYPE = YES_ERROR;
				GCC_WARN_UNDECLARED_SELECTOR = YES;
				GCC_WARN_UNINITIALIZED_AUTOS = YES_AGGRESSIVE;
				GCC_WARN_UNUSED_FUNCTION = YES;
				GCC_WARN_UNUSED_VARIABLE = YES;
				IPHONEOS_DEPLOYMENT_TARGET = 15.5;
				MTL_ENABLE_DEBUG_INFO = INCLUDE_SOURCE;
				MTL_FAST_MATH = YES;
				ONLY_ACTIVE_ARCH = YES;
				SDKROOT = iphoneos;
				SWIFT_ACTIVE_COMPILATION_CONDITIONS = DEBUG;
				SWIFT_OPTIMIZATION_LEVEL = "-Onone";
			};
			name = Debug;
		};
		B8617258295595C7001ED44C /* Release */ = {
			isa = XCBuildConfiguration;
			buildSettings = {
				ALWAYS_SEARCH_USER_PATHS = NO;
				CLANG_ANALYZER_NONNULL = YES;
				CLANG_ANALYZER_NUMBER_OBJECT_CONVERSION = YES_AGGRESSIVE;
				CLANG_CXX_LANGUAGE_STANDARD = "gnu++17";
				CLANG_ENABLE_MODULES = YES;
				CLANG_ENABLE_OBJC_ARC = YES;
				CLANG_ENABLE_OBJC_WEAK = YES;
				CLANG_WARN_BLOCK_CAPTURE_AUTORELEASING = YES;
				CLANG_WARN_BOOL_CONVERSION = YES;
				CLANG_WARN_COMMA = YES;
				CLANG_WARN_CONSTANT_CONVERSION = YES;
				CLANG_WARN_DEPRECATED_OBJC_IMPLEMENTATIONS = YES;
				CLANG_WARN_DIRECT_OBJC_ISA_USAGE = YES_ERROR;
				CLANG_WARN_DOCUMENTATION_COMMENTS = YES;
				CLANG_WARN_EMPTY_BODY = YES;
				CLANG_WARN_ENUM_CONVERSION = YES;
				CLANG_WARN_INFINITE_RECURSION = YES;
				CLANG_WARN_INT_CONVERSION = YES;
				CLANG_WARN_NON_LITERAL_NULL_CONVERSION = YES;
				CLANG_WARN_OBJC_IMPLICIT_RETAIN_SELF = YES;
				CLANG_WARN_OBJC_LITERAL_CONVERSION = YES;
				CLANG_WARN_OBJC_ROOT_CLASS = YES_ERROR;
				CLANG_WARN_QUOTED_INCLUDE_IN_FRAMEWORK_HEADER = YES;
				CLANG_WARN_RANGE_LOOP_ANALYSIS = YES;
				CLANG_WARN_STRICT_PROTOTYPES = YES;
				CLANG_WARN_SUSPICIOUS_MOVE = YES;
				CLANG_WARN_UNGUARDED_AVAILABILITY = YES_AGGRESSIVE;
				CLANG_WARN_UNREACHABLE_CODE = YES;
				CLANG_WARN__DUPLICATE_METHOD_MATCH = YES;
				COPY_PHASE_STRIP = NO;
				DEBUG_INFORMATION_FORMAT = "dwarf-with-dsym";
				ENABLE_NS_ASSERTIONS = NO;
				ENABLE_STRICT_OBJC_MSGSEND = YES;
				GCC_C_LANGUAGE_STANDARD = gnu11;
				GCC_NO_COMMON_BLOCKS = YES;
				GCC_WARN_64_TO_32_BIT_CONVERSION = YES;
				GCC_WARN_ABOUT_RETURN_TYPE = YES_ERROR;
				GCC_WARN_UNDECLARED_SELECTOR = YES;
				GCC_WARN_UNINITIALIZED_AUTOS = YES_AGGRESSIVE;
				GCC_WARN_UNUSED_FUNCTION = YES;
				GCC_WARN_UNUSED_VARIABLE = YES;
				IPHONEOS_DEPLOYMENT_TARGET = 15.5;
				MTL_ENABLE_DEBUG_INFO = NO;
				MTL_FAST_MATH = YES;
				SDKROOT = iphoneos;
				SWIFT_COMPILATION_MODE = wholemodule;
				SWIFT_OPTIMIZATION_LEVEL = "-O";
				VALIDATE_PRODUCT = YES;
			};
			name = Release;
		};
		B861725A295595C7001ED44C /* Debug */ = {
			isa = XCBuildConfiguration;
			buildSettings = {
				ASSETCATALOG_COMPILER_APPICON_NAME = AppIcon;
				ASSETCATALOG_COMPILER_GLOBAL_ACCENT_COLOR_NAME = AccentColor;
				CODE_SIGN_STYLE = Automatic;
				CURRENT_PROJECT_VERSION = 1;
				DEVELOPMENT_ASSET_PATHS = "\"shoppingapp/Preview Content\"";
				ENABLE_PREVIEWS = YES;
				GENERATE_INFOPLIST_FILE = YES;
				INFOPLIST_KEY_UIApplicationSceneManifest_Generation = YES;
				INFOPLIST_KEY_UIApplicationSupportsIndirectInputEvents = YES;
				INFOPLIST_KEY_UILaunchScreen_Generation = YES;
				INFOPLIST_KEY_UISupportedInterfaceOrientations_iPad = "UIInterfaceOrientationPortrait UIInterfaceOrientationPortraitUpsideDown UIInterfaceOrientationLandscapeLeft UIInterfaceOrientationLandscapeRight";
				INFOPLIST_KEY_UISupportedInterfaceOrientations_iPhone = "UIInterfaceOrientationPortrait UIInterfaceOrientationLandscapeLeft UIInterfaceOrientationLandscapeRight";
				LD_RUNPATH_SEARCH_PATHS = (
					"$(inherited)",
					"@executable_path/Frameworks",
				);
				MARKETING_VERSION = 1.0;
				PRODUCT_BUNDLE_IDENTIFIER = com.bappstudio.shoppingapp;
				PRODUCT_NAME = "$(TARGET_NAME)";
				SWIFT_EMIT_LOC_STRINGS = YES;
				SWIFT_VERSION = 5.0;
				TARGETED_DEVICE_FAMILY = "1,2";
			};
			name = Debug;
		};
		B861725B295595C7001ED44C /* Release */ = {
			isa = XCBuildConfiguration;
			buildSettings = {
				ASSETCATALOG_COMPILER_APPICON_NAME = AppIcon;
				ASSETCATALOG_COMPILER_GLOBAL_ACCENT_COLOR_NAME = AccentColor;
				CODE_SIGN_STYLE = Automatic;
				CURRENT_PROJECT_VERSION = 1;
				DEVELOPMENT_ASSET_PATHS = "\"shoppingapp/Preview Content\"";
				ENABLE_PREVIEWS = YES;
				GENERATE_INFOPLIST_FILE = YES;
				INFOPLIST_KEY_UIApplicationSceneManifest_Generation = YES;
				INFOPLIST_KEY_UIApplicationSupportsIndirectInputEvents = YES;
				INFOPLIST_KEY_UILaunchScreen_Generation = YES;
				INFOPLIST_KEY_UISupportedInterfaceOrientations_iPad = "UIInterfaceOrientationPortrait UIInterfaceOrientationPortraitUpsideDown UIInterfaceOrientationLandscapeLeft UIInterfaceOrientationLandscapeRight";
				INFOPLIST_KEY_UISupportedInterfaceOrientations_iPhone = "UIInterfaceOrientationPortrait UIInterfaceOrientationLandscapeLeft UIInterfaceOrientationLandscapeRight";
				LD_RUNPATH_SEARCH_PATHS = (
					"$(inherited)",
					"@executable_path/Frameworks",
				);
				MARKETING_VERSION = 1.0;
				PRODUCT_BUNDLE_IDENTIFIER = com.bappstudio.shoppingapp;
				PRODUCT_NAME = "$(TARGET_NAME)";
				SWIFT_EMIT_LOC_STRINGS = YES;
				SWIFT_VERSION = 5.0;
				TARGETED_DEVICE_FAMILY = "1,2";
			};
			name = Release;
		};
/* End XCBuildConfiguration section */

/* Begin XCConfigurationList section */
		B8617246295595BB001ED44C /* Build configuration list for PBXProject "shoppingapp" */ = {
			isa = XCConfigurationList;
			buildConfigurations = (
				B8617257295595C7001ED44C /* Debug */,
				B8617258295595C7001ED44C /* Release */,
			);
			defaultConfigurationIsVisible = 0;
			defaultConfigurationName = Release;
		};
		B8617259295595C7001ED44C /* Build configuration list for PBXNativeTarget "shoppingapp" */ = {
			isa = XCConfigurationList;
			buildConfigurations = (
				B861725A295595C7001ED44C /* Debug */,
				B861725B295595C7001ED44C /* Release */,
			);
			defaultConfigurationIsVisible = 0;
			defaultConfigurationName = Release;
		};
/* End XCConfigurationList section */
	};
	rootObject = B8617243295595BB001ED44C /* Project object */;
}
